
Microsoft Visual Studio Solution File, Format Version 12.00
# Visual Studio Version 17
VisualStudioVersion = 17.7.34024.191
MinimumVisualStudioVersion = 10.0.40219.1
Project("{9A19103F-16F7-4668-BE54-9A1E7A4F7556}") = "Entidades", "Entidades\Entidades.csproj", "{95C8C471-FC98-47C5-8BB9-4C2820CA53E7}"
EndProject
Project("{9A19103F-16F7-4668-BE54-9A1E7A4F7556}") = "FrmTienda", "FrmTienda\FrmTienda.csproj", "{33E4A114-8F05-4020-B206-380ED9651391}"
EndProject
Project("{9A19103F-16F7-4668-BE54-9A1E7A4F7556}") = "Pruebas", "Pruebas\Pruebas.csproj", "{43CCB560-482A-4162-B670-A85368C8FDFB}"
EndProject
Global
	GlobalSection(SolutionConfigurationPlatforms) = preSolution
		Debug|Any CPU = Debug|Any CPU
		Release|Any CPU = Release|Any CPU
	EndGlobalSection
	GlobalSection(ProjectConfigurationPlatforms) = postSolution
		{95C8C471-FC98-47C5-8BB9-4C2820CA53E7}.Debug|Any CPU.ActiveCfg = Debug|Any CPU
		{95C8C471-FC98-47C5-8BB9-4C2820CA53E7}.Debug|Any CPU.Build.0 = Debug|Any CPU
		{95C8C471-FC98-47C5-8BB9-4C2820CA53E7}.Release|Any CPU.ActiveCfg = Release|Any CPU
		{95C8C471-FC98-47C5-8BB9-4C2820CA53E7}.Release|Any CPU.Build.0 = Release|Any CPU
		{33E4A114-8F05-4020-B206-380ED9651391}.Debug|Any CPU.ActiveCfg = Debug|Any CPU
		{33E4A114-8F05-4020-B206-380ED9651391}.Debug|Any CPU.Build.0 = Debug|Any CPU
		{33E4A114-8F05-4020-B206-380ED9651391}.Release|Any CPU.ActiveCfg = Release|Any CPU
		{33E4A114-8F05-4020-B206-380ED9651391}.Release|Any CPU.Build.0 = Release|Any CPU
		{43CCB560-482A-4162-B670-A85368C8FDFB}.Debug|Any CPU.ActiveCfg = Debug|Any CPU
		{43CCB560-482A-4162-B670-A85368C8FDFB}.Debug|Any CPU.Build.0 = Debug|Any CPU
		{43CCB560-482A-4162-B670-A85368C8FDFB}.Release|Any CPU.ActiveCfg = Release|Any CPU
		{43CCB560-482A-4162-B670-A85368C8FDFB}.Release|Any CPU.Build.0 = Release|Any CPU
	EndGlobalSection
	GlobalSection(SolutionProperties) = preSolution
		HideSolutionNode = FALSE
	EndGlobalSection
	GlobalSection(ExtensibilityGlobals) = postSolution
		SolutionGuid = {9112E629-DB29-4CEF-B468-9D6B620D0BA3}
	EndGlobalSection
EndGlobal
